// !$*UTF8*$!
{
	archiveVersion = 1;
	classes = {
	};
	objectVersion = 46;
	objects = {

/* Begin PBXBuildFile section */
		49A4245A1DA3680600101C4F /* AppDelegate.swift in Sources */ = {isa = PBXBuildFile; fileRef = 49A424591DA3680600101C4F /* AppDelegate.swift */; };
		49A4245C1DA3680600101C4F /* ViewController.swift in Sources */ = {isa = PBXBuildFile; fileRef = 49A4245B1DA3680600101C4F /* ViewController.swift */; };
		49A4245F1DA3680600101C4F /* Main.storyboard in Resources */ = {isa = PBXBuildFile; fileRef = 49A4245D1DA3680600101C4F /* Main.storyboard */; };
		49A424611DA3680600101C4F /* Assets.xcassets in Resources */ = {isa = PBXBuildFile; fileRef = 49A424601DA3680600101C4F /* Assets.xcassets */; };
		49A424641DA3680600101C4F /* LaunchScreen.storyboard in Resources */ = {isa = PBXBuildFile; fileRef = 49A424621DA3680600101C4F /* LaunchScreen.storyboard */; };
		49A4246F1DA3680600101C4F /* QuizTests.swift in Sources */ = {isa = PBXBuildFile; fileRef = 49A4246E1DA3680600101C4F /* QuizTests.swift */; };
		49A4247A1DA3680600101C4F /* QuizUITests.swift in Sources */ = {isa = PBXBuildFile; fileRef = 49A424791DA3680600101C4F /* QuizUITests.swift */; };
/* End PBXBuildFile section */

/* Begin PBXContainerItemProxy section */
		49A4246B1DA3680600101C4F /* PBXContainerItemProxy */ = {
			isa = PBXContainerItemProxy;
			containerPortal = 49A4244E1DA3680600101C4F /* Project object */;
			proxyType = 1;
			remoteGlobalIDString = 49A424551DA3680600101C4F;
			remoteInfo = Quiz;
		};
		49A424761DA3680600101C4F /* PBXContainerItemProxy */ = {
			isa = PBXContainerItemProxy;
			containerPortal = 49A4244E1DA3680600101C4F /* Project object */;
			proxyType = 1;
			remoteGlobalIDString = 49A424551DA3680600101C4F;
			remoteInfo = Quiz;
		};
/* End PBXContainerItemProxy section */

/* Begin PBXFileReference section */
		49A424561DA3680600101C4F /* Quiz.app */ = {isa = PBXFileReference; explicitFileType = wrapper.application; includeInIndex = 0; path = Quiz.app; sourceTree = BUILT_PRODUCTS_DIR; };
		49A424591DA3680600101C4F /* AppDelegate.swift */ = {isa = PBXFileReference; lastKnownFileType = sourcecode.swift; path = AppDelegate.swift; sourceTree = "<group>"; };
		49A4245B1DA3680600101C4F /* ViewController.swift */ = {isa = PBXFileReference; lastKnownFileType = sourcecode.swift; path = ViewController.swift; sourceTree = "<group>"; };
		49A4245E1DA3680600101C4F /* Base */ = {isa = PBXFileReference; lastKnownFileType = file.storyboard; name = Base; path = Base.lproj/Main.storyboard; sourceTree = "<group>"; };
		49A424601DA3680600101C4F /* Assets.xcassets */ = {isa = PBXFileReference; lastKnownFileType = folder.assetcatalog; path = Assets.xcassets; sourceTree = "<group>"; };
		49A424631DA3680600101C4F /* Base */ = {isa = PBXFileReference; lastKnownFileType = file.storyboard; name = Base; path = Base.lproj/LaunchScreen.storyboard; sourceTree = "<group>"; };
		49A424651DA3680600101C4F /* Info.plist */ = {isa = PBXFileReference; lastKnownFileType = text.plist.xml; path = Info.plist; sourceTree = "<group>"; };
		49A4246A1DA3680600101C4F /* QuizTests.xctest */ = {isa = PBXFileReference; explicitFileType = wrapper.cfbundle; includeInIndex = 0; path = QuizTests.xctest; sourceTree = BUILT_PRODUCTS_DIR; };
		49A4246E1DA3680600101C4F /* QuizTests.swift */ = {isa = PBXFileReference; lastKnownFileType = sourcecode.swift; path = QuizTests.swift; sourceTree = "<group>"; };
		49A424701DA3680600101C4F /* Info.plist */ = {isa = PBXFileReference; lastKnownFileType = text.plist.xml; path = Info.plist; sourceTree = "<group>"; };
		49A424751DA3680600101C4F /* QuizUITests.xctest */ = {isa = PBXFileReference; explicitFileType = wrapper.cfbundle; includeInIndex = 0; path = QuizUITests.xctest; sourceTree = BUILT_PRODUCTS_DIR; };
		49A424791DA3680600101C4F /* QuizUITests.swift */ = {isa = PBXFileReference; lastKnownFileType = sourcecode.swift; path = QuizUITests.swift; sourceTree = "<group>"; };
		49A4247B1DA3680600101C4F /* Info.plist */ = {isa = PBXFileReference; lastKnownFileType = text.plist.xml; path = Info.plist; sourceTree = "<group>"; };
/* End PBXFileReference section */

/* Begin PBXFrameworksBuildPhase section */
		49A424531DA3680600101C4F /* Frameworks */ = {
			isa = PBXFrameworksBuildPhase;
			buildActionMask = 2147483647;
			files = (
			);
			runOnlyForDeploymentPostprocessing = 0;
		};
		49A424671DA3680600101C4F /* Frameworks */ = {
			isa = PBXFrameworksBuildPhase;
			buildActionMask = 2147483647;
			files = (
			);
			runOnlyForDeploymentPostprocessing = 0;
		};
		49A424721DA3680600101C4F /* Frameworks */ = {
			isa = PBXFrameworksBuildPhase;
			buildActionMask = 2147483647;
			files = (
			);
			runOnlyForDeploymentPostprocessing = 0;
		};
/* End PBXFrameworksBuildPhase section */

/* Begin PBXGroup section */
		49A4244D1DA3680600101C4F = {
			isa = PBXGroup;
			children = (
				49A424581DA3680600101C4F /* Quiz */,
				49A4246D1DA3680600101C4F /* QuizTests */,
				49A424781DA3680600101C4F /* QuizUITests */,
				49A424571DA3680600101C4F /* Products */,
			);
			sourceTree = "<group>";
		};
		49A424571DA3680600101C4F /* Products */ = {
			isa = PBXGroup;
			children = (
				49A424561DA3680600101C4F /* Quiz.app */,
				49A4246A1DA3680600101C4F /* QuizTests.xctest */,
				49A424751DA3680600101C4F /* QuizUITests.xctest */,
			);
			name = Products;
			sourceTree = "<group>";
		};
		49A424581DA3680600101C4F /* Quiz */ = {
			isa = PBXGroup;
			children = (
				49A424591DA3680600101C4F /* AppDelegate.swift */,
				49A4245B1DA3680600101C4F /* ViewController.swift */,
				49A4245D1DA3680600101C4F /* Main.storyboard */,
				49A424601DA3680600101C4F /* Assets.xcassets */,
				49A424621DA3680600101C4F /* LaunchScreen.storyboard */,
				49A424651DA3680600101C4F /* Info.plist */,
			);
			path = Quiz;
			sourceTree = "<group>";
		};
		49A4246D1DA3680600101C4F /* QuizTests */ = {
			isa = PBXGroup;
			children = (
				49A4246E1DA3680600101C4F /* QuizTests.swift */,
				49A424701DA3680600101C4F /* Info.plist */,
			);
			path = QuizTests;
			sourceTree = "<group>";
		};
		49A424781DA3680600101C4F /* QuizUITests */ = {
			isa = PBXGroup;
			children = (
				49A424791DA3680600101C4F /* QuizUITests.swift */,
				49A4247B1DA3680600101C4F /* Info.plist */,
			);
			path = QuizUITests;
			sourceTree = "<group>";
		};
/* End PBXGroup section */

/* Begin PBXNativeTarget section */
		49A424551DA3680600101C4F /* Quiz */ = {
			isa = PBXNativeTarget;
			buildConfigurationList = 49A4247E1DA3680600101C4F /* Build configuration list for PBXNativeTarget "Quiz" */;
			buildPhases = (
				49A424521DA3680600101C4F /* Sources */,
				49A424531DA3680600101C4F /* Frameworks */,
				49A424541DA3680600101C4F /* Resources */,
			);
			buildRules = (
			);
			dependencies = (
			);
			name = Quiz;
			productName = Quiz;
			productReference = 49A424561DA3680600101C4F /* Quiz.app */;
			productType = "com.apple.product-type.application";
		};
		49A424691DA3680600101C4F /* QuizTests */ = {
			isa = PBXNativeTarget;
			buildConfigurationList = 49A424811DA3680700101C4F /* Build configuration list for PBXNativeTarget "QuizTests" */;
			buildPhases = (
				49A424661DA3680600101C4F /* Sources */,
				49A424671DA3680600101C4F /* Frameworks */,
				49A424681DA3680600101C4F /* Resources */,
			);
			buildRules = (
			);
			dependencies = (
				49A4246C1DA3680600101C4F /* PBXTargetDependency */,
			);
			name = QuizTests;
			productName = QuizTests;
			productReference = 49A4246A1DA3680600101C4F /* QuizTests.xctest */;
			productType = "com.apple.product-type.bundle.unit-test";
		};
		49A424741DA3680600101C4F /* QuizUITests */ = {
			isa = PBXNativeTarget;
			buildConfigurationList = 49A424841DA3680700101C4F /* Build configuration list for PBXNativeTarget "QuizUITests" */;
			buildPhases = (
				49A424711DA3680600101C4F /* Sources */,
				49A424721DA3680600101C4F /* Frameworks */,
				49A424731DA3680600101C4F /* Resources */,
			);
			buildRules = (
			);
			dependencies = (
				49A424771DA3680600101C4F /* PBXTargetDependency */,
			);
			name = QuizUITests;
			productName = QuizUITests;
			productReference = 49A424751DA3680600101C4F /* QuizUITests.xctest */;
			productType = "com.apple.product-type.bundle.ui-testing";
		};
/* End PBXNativeTarget section */

/* Begin PBXProject section */
		49A4244E1DA3680600101C4F /* Project object */ = {
			isa = PBXProject;
			attributes = {
				LastSwiftUpdateCheck = 0800;
				LastUpgradeCheck = 0800;
				ORGANIZATIONNAME = Invictus;
				TargetAttributes = {
					49A424551DA3680600101C4F = {
						CreatedOnToolsVersion = 8.0;
						ProvisioningStyle = Automatic;
					};
					49A424691DA3680600101C4F = {
						CreatedOnToolsVersion = 8.0;
						ProvisioningStyle = Automatic;
						TestTargetID = 49A424551DA3680600101C4F;
					};
					49A424741DA3680600101C4F = {
						CreatedOnToolsVersion = 8.0;
						ProvisioningStyle = Automatic;
						TestTargetID = 49A424551DA3680600101C4F;
					};
				};
			};
			buildConfigurationList = 49A424511DA3680600101C4F /* Build configuration list for PBXProject "Quiz" */;
			compatibilityVersion = "Xcode 3.2";
			developmentRegion = English;
			hasScannedForEncodings = 0;
			knownRegions = (
				en,
				Base,
			);
			mainGroup = 49A4244D1DA3680600101C4F;
			productRefGroup = 49A424571DA3680600101C4F /* Products */;
			projectDirPath = "";
			projectRoot = "";
			targets = (
				49A424551DA3680600101C4F /* Quiz */,
				49A424691DA3680600101C4F /* QuizTests */,
				49A424741DA3680600101C4F /* QuizUITests */,
			);
		};
/* End PBXProject section */

/* Begin PBXResourcesBuildPhase section */
		49A424541DA3680600101C4F /* Resources */ = {
			isa = PBXResourcesBuildPhase;
			buildActionMask = 2147483647;
			files = (
				49A424641DA3680600101C4F /* LaunchScreen.storyboard in Resources */,
				49A424611DA3680600101C4F /* Assets.xcassets in Resources */,
				49A4245F1DA3680600101C4F /* Main.storyboard in Resources */,
			);
			runOnlyForDeploymentPostprocessing = 0;
		};
		49A424681DA3680600101C4F /* Resources */ = {
			isa = PBXResourcesBuildPhase;
			buildActionMask = 2147483647;
			files = (
			);
			runOnlyForDeploymentPostprocessing = 0;
		};
		49A424731DA3680600101C4F /* Resources */ = {
			isa = PBXResourcesBuildPhase;
			buildActionMask = 2147483647;
			files = (
			);
			runOnlyForDeploymentPostprocessing = 0;
		};
/* End PBXResourcesBuildPhase section */

/* Begin PBXSourcesBuildPhase section */
		49A424521DA3680600101C4F /* Sources */ = {
			isa = PBXSourcesBuildPhase;
			buildActionMask = 2147483647;
			files = (
				49A4245C1DA3680600101C4F /* ViewController.swift in Sources */,
				49A4245A1DA3680600101C4F /* AppDelegate.swift in Sources */,
			);
			runOnlyForDeploymentPostprocessing = 0;
		};
		49A424661DA3680600101C4F /* Sources */ = {
			isa = PBXSourcesBuildPhase;
			buildActionMask = 2147483647;
			files = (
				49A4246F1DA3680600101C4F /* QuizTests.swift in Sources */,
			);
			runOnlyForDeploymentPostprocessing = 0;
		};
		49A424711DA3680600101C4F /* Sources */ = {
			isa = PBXSourcesBuildPhase;
			buildActionMask = 2147483647;
			files = (
				49A4247A1DA3680600101C4F /* QuizUITests.swift in Sources */,
			);
			runOnlyForDeploymentPostprocessing = 0;
		};
/* End PBXSourcesBuildPhase section */

/* Begin PBXTargetDependency section */
		49A4246C1DA3680600101C4F /* PBXTargetDependency */ = {
			isa = PBXTargetDependency;
			target = 49A424551DA3680600101C4F /* Quiz */;
			targetProxy = 49A4246B1DA3680600101C4F /* PBXContainerItemProxy */;
		};
		49A424771DA3680600101C4F /* PBXTargetDependency */ = {
			isa = PBXTargetDependency;
			target = 49A424551DA3680600101C4F /* Quiz */;
			targetProxy = 49A424761DA3680600101C4F /* PBXContainerItemProxy */;
		};
/* End PBXTargetDependency section */

/* Begin PBXVariantGroup section */
		49A4245D1DA3680600101C4F /* Main.storyboard */ = {
			isa = PBXVariantGroup;
			children = (
				49A4245E1DA3680600101C4F /* Base */,
			);
			name = Main.storyboard;
			sourceTree = "<group>";
		};
		49A424621DA3680600101C4F /* LaunchScreen.storyboard */ = {
			isa = PBXVariantGroup;
			children = (
				49A424631DA3680600101C4F /* Base */,
			);
			name = LaunchScreen.storyboard;
			sourceTree = "<group>";
		};
/* End PBXVariantGroup section */

/* Begin XCBuildConfiguration section */
		49A4247C1DA3680600101C4F /* Debug */ = {
			isa = XCBuildConfiguration;
			buildSettings = {
				ALWAYS_SEARCH_USER_PATHS = NO;
				CLANG_ANALYZER_NONNULL = YES;
				CLANG_CXX_LANGUAGE_STANDARD = "gnu++0x";
				CLANG_CXX_LIBRARY = "libc++";
				CLANG_ENABLE_MODULES = YES;
				CLANG_ENABLE_OBJC_ARC = YES;
				CLANG_WARN_BOOL_CONVERSION = YES;
				CLANG_WARN_CONSTANT_CONVERSION = YES;
				CLANG_WARN_DIRECT_OBJC_ISA_USAGE = YES_ERROR;
				CLANG_WARN_DOCUMENTATION_COMMENTS = YES;
				CLANG_WARN_EMPTY_BODY = YES;
				CLANG_WARN_ENUM_CONVERSION = YES;
				CLANG_WARN_INFINITE_RECURSION = YES;
				CLANG_WARN_INT_CONVERSION = YES;
				CLANG_WARN_OBJC_ROOT_CLASS = YES_ERROR;
				CLANG_WARN_SUSPICIOUS_MOVES = YES;
				CLANG_WARN_UNREACHABLE_CODE = YES;
				CLANG_WARN__DUPLICATE_METHOD_MATCH = YES;
				"CODE_SIGN_IDENTITY[sdk=iphoneos*]" = "iPhone Developer";
				COPY_PHASE_STRIP = NO;
				DEBUG_INFORMATION_FORMAT = dwarf;
				ENABLE_STRICT_OBJC_MSGSEND = YES;
				ENABLE_TESTABILITY = YES;
				GCC_C_LANGUAGE_STANDARD = gnu99;
				GCC_DYNAMIC_NO_PIC = NO;
				GCC_NO_COMMON_BLOCKS = YES;
				GCC_OPTIMIZATION_LEVEL = 0;
				GCC_PREPROCESSOR_DEFINITIONS = (
					"DEBUG=1",
					"$(inherited)",
				);
				GCC_WARN_64_TO_32_BIT_CONVERSION = YES;
				GCC_WARN_ABOUT_RETURN_TYPE = YES_ERROR;
				GCC_WARN_UNDECLARED_SELECTOR = YES;
				GCC_WARN_UNINITIALIZED_AUTOS = YES_AGGRESSIVE;
				GCC_WARN_UNUSED_FUNCTION = YES;
				GCC_WARN_UNUSED_VARIABLE = YES;
				IPHONEOS_DEPLOYMENT_TARGET = 10.0;
				MTL_ENABLE_DEBUG_INFO = YES;
				ONLY_ACTIVE_ARCH = YES;
				SDKROOT = iphoneos;
				SWIFT_ACTIVE_COMPILATION_CONDITIONS = DEBUG;
				SWIFT_OPTIMIZATION_LEVEL = "-Onone";
				TARGETED_DEVICE_FAMILY = "1,2";
			};
			name = Debug;
		};
		49A4247D1DA3680600101C4F /* Release */ = {
			isa = XCBuildConfiguration;
			buildSettings = {
				ALWAYS_SEARCH_USER_PATHS = NO;
				CLANG_ANALYZER_NONNULL = YES;
				CLANG_CXX_LANGUAGE_STANDARD = "gnu++0x";
				CLANG_CXX_LIBRARY = "libc++";
				CLANG_ENABLE_MODULES = YES;
				CLANG_ENABLE_OBJC_ARC = YES;
				CLANG_WARN_BOOL_CONVERSION = YES;
				CLANG_WARN_CONSTANT_CONVERSION = YES;
				CLANG_WARN_DIRECT_OBJC_ISA_USAGE = YES_ERROR;
				CLANG_WARN_DOCUMENTATION_COMMENTS = YES;
				CLANG_WARN_EMPTY_BODY = YES;
				CLANG_WARN_ENUM_CONVERSION = YES;
				CLANG_WARN_INFINITE_RECURSION = YES;
				CLANG_WARN_INT_CONVERSION = YES;
				CLANG_WARN_OBJC_ROOT_CLASS = YES_ERROR;
				CLANG_WARN_SUSPICIOUS_MOVES = YES;
				CLANG_WARN_UNREACHABLE_CODE = YES;
				CLANG_WARN__DUPLICATE_METHOD_MATCH = YES;
				"CODE_SIGN_IDENTITY[sdk=iphoneos*]" = "iPhone Developer";
				COPY_PHASE_STRIP = NO;
				DEBUG_INFORMATION_FORMAT = "dwarf-with-dsym";
				ENABLE_NS_ASSERTIONS = NO;
				ENABLE_STRICT_OBJC_MSGSEND = YES;
				GCC_C_LANGUAGE_STANDARD = gnu99;
				GCC_NO_COMMON_BLOCKS = YES;
				GCC_WARN_64_TO_32_BIT_CONVERSION = YES;
				GCC_WARN_ABOUT_RETURN_TYPE = YES_ERROR;
				GCC_WARN_UNDECLARED_SELECTOR = YES;
				GCC_WARN_UNINITIALIZED_AUTOS = YES_AGGRESSIVE;
				GCC_WARN_UNUSED_FUNCTION = YES;
				GCC_WARN_UNUSED_VARIABLE = YES;
				IPHONEOS_DEPLOYMENT_TARGET = 10.0;
				MTL_ENABLE_DEBUG_INFO = NO;
				SDKROOT = iphoneos;
				SWIFT_OPTIMIZATION_LEVEL = "-Owholemodule";
				TARGETED_DEVICE_FAMILY = "1,2";
				VALIDATE_PRODUCT = YES;
			};
			name = Release;
		};
		49A4247F1DA3680600101C4F /* Debug */ = {
			isa = XCBuildConfiguration;
			buildSettings = {
				ASSETCATALOG_COMPILER_APPICON_NAME = AppIcon;
				INFOPLIST_FILE = Quiz/Info.plist;
				LD_RUNPATH_SEARCH_PATHS = "$(inherited) @executable_path/Frameworks";
				PRODUCT_BUNDLE_IDENTIFIER = invictus.Quiz;
				PRODUCT_NAME = "$(TARGET_NAME)";
				SWIFT_VERSION = 3.0;
			};
			name = Debug;
		};
		49A424801DA3680600101C4F /* Release */ = {
			isa = XCBuildConfiguration;
			buildSettings = {
				ASSETCATALOG_COMPILER_APPICON_NAME = AppIcon;
				INFOPLIST_FILE = Quiz/Info.plist;
				LD_RUNPATH_SEARCH_PATHS = "$(inherited) @executable_path/Frameworks";
				PRODUCT_BUNDLE_IDENTIFIER = invictus.Quiz;
				PRODUCT_NAME = "$(TARGET_NAME)";
				SWIFT_VERSION = 3.0;
			};
			name = Release;
		};
		49A424821DA3680700101C4F /* Debug */ = {
			isa = XCBuildConfiguration;
			buildSettings = {
				ALWAYS_EMBED_SWIFT_STANDARD_LIBRARIES = YES;
				BUNDLE_LOADER = "$(TEST_HOST)";
				INFOPLIST_FILE = QuizTests/Info.plist;
				LD_RUNPATH_SEARCH_PATHS = "$(inherited) @executable_path/Frameworks @loader_path/Frameworks";
				PRODUCT_BUNDLE_IDENTIFIER = invictus.QuizTests;
				PRODUCT_NAME = "$(TARGET_NAME)";
				SWIFT_VERSION = 3.0;
				TEST_HOST = "$(BUILT_PRODUCTS_DIR)/Quiz.app/Quiz";
			};
			name = Debug;
		};
		49A424831DA3680700101C4F /* Release */ = {
			isa = XCBuildConfiguration;
			buildSettings = {
				ALWAYS_EMBED_SWIFT_STANDARD_LIBRARIES = YES;
				BUNDLE_LOADER = "$(TEST_HOST)";
				INFOPLIST_FILE = QuizTests/Info.plist;
				LD_RUNPATH_SEARCH_PATHS = "$(inherited) @executable_path/Frameworks @loader_path/Frameworks";
				PRODUCT_BUNDLE_IDENTIFIER = invictus.QuizTests;
				PRODUCT_NAME = "$(TARGET_NAME)";
				SWIFT_VERSION = 3.0;
				TEST_HOST = "$(BUILT_PRODUCTS_DIR)/Quiz.app/Quiz";
			};
			name = Release;
		};
		49A424851DA3680700101C4F /* Debug */ = {
			isa = XCBuildConfiguration;
			buildSettings = {
				ALWAYS_EMBED_SWIFT_STANDARD_LIBRARIES = YES;
				INFOPLIST_FILE = QuizUITests/Info.plist;
				LD_RUNPATH_SEARCH_PATHS = "$(inherited) @executable_path/Frameworks @loader_path/Frameworks";
				PRODUCT_BUNDLE_IDENTIFIER = invictus.QuizUITests;
				PRODUCT_NAME = "$(TARGET_NAME)";
				SWIFT_VERSION = 3.0;
				TEST_TARGET_NAME = Quiz;
			};
			name = Debug;
		};
		49A424861DA3680700101C4F /* Release */ = {
			isa = XCBuildConfiguration;
			buildSettings = {
				ALWAYS_EMBED_SWIFT_STANDARD_LIBRARIES = YES;
				INFOPLIST_FILE = QuizUITests/Info.plist;
				LD_RUNPATH_SEARCH_PATHS = "$(inherited) @executable_path/Frameworks @loader_path/Frameworks";
				PRODUCT_BUNDLE_IDENTIFIER = invictus.QuizUITests;
				PRODUCT_NAME = "$(TARGET_NAME)";
				SWIFT_VERSION = 3.0;
				TEST_TARGET_NAME = Quiz;
			};
			name = Release;
		};
/* End XCBuildConfiguration section */

/* Begin XCConfigurationList section */
		49A424511DA3680600101C4F /* Build configuration list for PBXProject "Quiz" */ = {
			isa = XCConfigurationList;
			buildConfigurations = (
				49A4247C1DA3680600101C4F /* Debug */,
				49A4247D1DA3680600101C4F /* Release */,
			);
			defaultConfigurationIsVisible = 0;
			defaultConfigurationName = Release;
		};
		49A4247E1DA3680600101C4F /* Build configuration list for PBXNativeTarget "Quiz" */ = {
			isa = XCConfigurationList;
			buildConfigurations = (
				49A4247F1DA3680600101C4F /* Debug */,
				49A424801DA3680600101C4F /* Release */,
			);
			defaultConfigurationIsVisible = 0;
		};
		49A424811DA3680700101C4F /* Build configuration list for PBXNativeTarget "QuizTests" */ = {
			isa = XCConfigurationList;
			buildConfigurations = (
				49A424821DA3680700101C4F /* Debug */,
				49A424831DA3680700101C4F /* Release */,
			);
			defaultConfigurationIsVisible = 0;
		};
		49A424841DA3680700101C4F /* Build configuration list for PBXNativeTarget "QuizUITests" */ = {
			isa = XCConfigurationList;
			buildConfigurations = (
				49A424851DA3680700101C4F /* Debug */,
				49A424861DA3680700101C4F /* Release */,
			);
			defaultConfigurationIsVisible = 0;
		};
/* End XCConfigurationList section */
	};
	rootObject = 49A4244E1DA3680600101C4F /* Project object */;
}
